<?xml version="1.0" encoding="utf-8"?>
<Project ToolsVersion="16.0" xmlns="http://schemas.microsoft.com/developer/msbuild/2003">
  <ItemGroup>
    <Filter Include="include">
      <UniqueIdentifier>{0FEB36D4-DED9-B510-4A82-8CE6435F7E81}</UniqueIdentifier>
    </Filter>
    <Filter Include="source">
      <UniqueIdentifier>{F438CD36-9A9B-08FA-222C-0DC9EBFE35EB}</UniqueIdentifier>
    </Filter>
  </ItemGroup>
  <ItemGroup>
    <ClInclude Include="..\..\..\..\EAWebKitSupportPackages\pixman\local-0.28.2\include\loongson-mmintrin.h" />
    <ClInclude Include="..\..\..\..\EAWebKitSupportPackages\pixman\local-0.28.2\include\pixman.h" />
    <ClInclude Include="..\..\..\..\EAWebKitSupportPackages\pixman\local-0.28.2\include\pixman-accessor.h" />
    <ClInclude Include="..\..\..\..\EAWebKitSupportPackages\pixman\local-0.28.2\include\pixman-arm-common.h" />
    <ClInclude Include="..\..\..\..\EAWebKitSupportPackages\pixman\local-0.28.2\include\pixman-arm-neon-asm.h" />
    <ClInclude Include="..\..\..\..\EAWebKitSupportPackages\pixman\local-0.28.2\include\pixman-combine32.h" />
    <ClInclude Include="..\..\..\..\EAWebKitSupportPackages\pixman\local-0.28.2\include\pixman-compiler.h" />
    <ClInclude Include="..\..\..\..\EAWebKitSupportPackages\pixman\local-0.28.2\include\pixman-edge-imp.h" />
    <ClInclude Include="..\..\..\..\EAWebKitSupportPackages\pixman\local-0.28.2\include\pixman-inlines.h" />
    <ClInclude Include="..\..\..\..\EAWebKitSupportPackages\pixman\local-0.28.2\include\pixman-malloc.h" />
    <ClInclude Include="..\..\..\..\EAWebKitSupportPackages\pixman\local-0.28.2\include\pixman-mips-dspr2.h" />
    <ClInclude Include="..\..\..\..\EAWebKitSupportPackages\pixman\local-0.28.2\include\pixman-mips-dspr2-asm.h" />
    <ClInclude Include="..\..\..\..\EAWebKitSupportPackages\pixman\local-0.28.2\include\pixman-private.h" />
    <ClInclude Include="..\..\..\..\EAWebKitSupportPackages\pixman\local-0.28.2\include\pixman-version.h" />
  </ItemGroup>
  <ItemGroup>
    <ClCompile Include="..\..\..\..\EAWebKitSupportPackages\pixman\local-0.28.2\source\pixman.c" />
    <ClCompile Include="..\..\..\..\EAWebKitSupportPackages\pixman\local-0.28.2\source\pixman-access.c" />
    <ClCompile Include="..\..\..\..\EAWebKitSupportPackages\pixman\local-0.28.2\source\pixman-access-accessors.c" />
    <ClCompile Include="..\..\..\..\EAWebKitSupportPackages\pixman\local-0.28.2\source\pixman-arm.c" />
    <ClCompile Include="..\..\..\..\EAWebKitSupportPackages\pixman\local-0.28.2\source\pixman-bits-image.c" />
    <ClCompile Include="..\..\..\..\EAWebKitSupportPackages\pixman\local-0.28.2\source\pixman-combine32.c" />
    <ClCompile Include="..\..\..\..\EAWebKitSupportPackages\pixman\local-0.28.2\source\pixman-combine-float.c" />
    <ClCompile Include="..\..\..\..\EAWebKitSupportPackages\pixman\local-0.28.2\source\pixman-conical-gradient.c" />
    <ClCompile Include="..\..\..\..\EAWebKitSupportPackages\pixman\local-0.28.2\source\pixman-edge.c" />
    <ClCompile Include="..\..\..\..\EAWebKitSupportPackages\pixman\local-0.28.2\source\pixman-edge-accessors.c" />
    <ClCompile Include="..\..\..\..\EAWebKitSupportPackages\pixman\local-0.28.2\source\pixman-fast-path.c" />
    <ClCompile Include="..\..\..\..\EAWebKitSupportPackages\pixman\local-0.28.2\source\pixman-general.c" />
    <ClCompile Include="..\..\..\..\EAWebKitSupportPackages\pixman\local-0.28.2\source\pixman-glyph.c" />
    <ClCompile Include="..\..\..\..\EAWebKitSupportPackages\pixman\local-0.28.2\source\pixman-gradient-walker.c" />
    <ClCompile Include="..\..\..\..\EAWebKitSupportPackages\pixman\local-0.28.2\source\pixman-image.c" />
    <ClCompile Include="..\..\..\..\EAWebKitSupportPackages\pixman\local-0.28.2\source\pixman-implementation.c" />
    <ClCompile Include="..\..\..\..\EAWebKitSupportPackages\pixman\local-0.28.2\source\pixman-linear-gradient.c" />
    <ClCompile Include="..\..\..\..\EAWebKitSupportPackages\pixman\local-0.28.2\source\pixman-matrix.c" />
    <ClCompile Include="..\..\..\..\EAWebKitSupportPackages\pixman\local-0.28.2\source\pixman-mips.c" />
    <ClCompile Include="..\..\..\..\EAWebKitSupportPackages\pixman\local-0.28.2\source\pixman-noop.c" />
    <ClCompile Include="..\..\..\..\EAWebKitSupportPackages\pixman\local-0.28.2\source\pixman-ppc.c" />
    <ClCompile Include="..\..\..\..\EAWebKitSupportPackages\pixman\local-0.28.2\source\pixman-radial-gradient.c" />
    <ClCompile Include="..\..\..\..\EAWebKitSupportPackages\pixman\local-0.28.2\source\pixman-region16.c" />
    <ClCompile Include="..\..\..\..\EAWebKitSupportPackages\pixman\local-0.28.2\source\pixman-region32.c" />
    <ClCompile Include="..\..\..\..\EAWebKitSupportPackages\pixman\local-0.28.2\source\pixman-solid-fill.c" />
    <ClCompile Include="..\..\..\..\EAWebKitSupportPackages\pixman\local-0.28.2\source\pixman-sse2.c" />
    <ClCompile Include="..\..\..\..\EAWebKitSupportPackages\pixman\local-0.28.2\source\pixman-timer.c" />
    <ClCompile Include="..\..\..\..\EAWebKitSupportPackages\pixman\local-0.28.2\source\pixman-trap.c" />
    <ClCompile Include="..\..\..\..\EAWebKitSupportPackages\pixman\local-0.28.2\source\pixman-utils.c" />
    <ClCompile Include="..\..\..\..\EAWebKitSupportPackages\pixman\local-0.28.2\source\pixman-x86.c" />
  </ItemGroup>
</Project>